// !$*UTF8*$!
{
	archiveVersion = 1;
	classes = {
	};
	objectVersion = 48;
	objects = {

/* Begin PBXBuildFile section */
		5DFCC500AF0D30D50C06F021 /* Pods_CropDemoUITests.framework in Frameworks */ = {isa = PBXBuildFile; fileRef = 64A44BD2610B58563945E1B6 /* Pods_CropDemoUITests.framework */; };
		9FEAAC988818DF15A4A0FD28 /* Pods_CropDemoTests.framework in Frameworks */ = {isa = PBXBuildFile; fileRef = 2C6D9DA216D672D08D7472BB /* Pods_CropDemoTests.framework */; };
		DA0913272064CD5100B7F432 /* BaseViewController.swift in Sources */ = {isa = PBXBuildFile; fileRef = DA0913262064CD5100B7F432 /* BaseViewController.swift */; };
		DA7613A92063D68B00EC9990 /* AppDelegate.swift in Sources */ = {isa = PBXBuildFile; fileRef = DA7613A82063D68B00EC9990 /* AppDelegate.swift */; };
		DA7613AB2063D68B00EC9990 /* ViewController.swift in Sources */ = {isa = PBXBuildFile; fileRef = DA7613AA2063D68B00EC9990 /* ViewController.swift */; };
		DA7613AE2063D68B00EC9990 /* Main.storyboard in Resources */ = {isa = PBXBuildFile; fileRef = DA7613AC2063D68B00EC9990 /* Main.storyboard */; };
		DA7613B02063D68B00EC9990 /* Assets.xcassets in Resources */ = {isa = PBXBuildFile; fileRef = DA7613AF2063D68B00EC9990 /* Assets.xcassets */; };
		DA7613B32063D68B00EC9990 /* LaunchScreen.storyboard in Resources */ = {isa = PBXBuildFile; fileRef = DA7613B12063D68B00EC9990 /* LaunchScreen.storyboard */; };
		DA7613BE2063D68B00EC9990 /* CropDemoTests.swift in Sources */ = {isa = PBXBuildFile; fileRef = DA7613BD2063D68B00EC9990 /* CropDemoTests.swift */; };
		DA7613C92063D68B00EC9990 /* CropDemoUITests.swift in Sources */ = {isa = PBXBuildFile; fileRef = DA7613C82063D68B00EC9990 /* CropDemoUITests.swift */; };
		E525D7347D281317332CC10F /* Pods_CropDemo.framework in Frameworks */ = {isa = PBXBuildFile; fileRef = D5CC49C8C280BB96ED639906 /* Pods_CropDemo.framework */; };
/* End PBXBuildFile section */

/* Begin PBXContainerItemProxy section */
		DA7613BA2063D68B00EC9990 /* PBXContainerItemProxy */ = {
			isa = PBXContainerItemProxy;
			containerPortal = DA76139D2063D68A00EC9990 /* Project object */;
			proxyType = 1;
			remoteGlobalIDString = DA7613A42063D68A00EC9990;
			remoteInfo = CropDemo;
		};
		DA7613C52063D68B00EC9990 /* PBXContainerItemProxy */ = {
			isa = PBXContainerItemProxy;
			containerPortal = DA76139D2063D68A00EC9990 /* Project object */;
			proxyType = 1;
			remoteGlobalIDString = DA7613A42063D68A00EC9990;
			remoteInfo = CropDemo;
		};
/* End PBXContainerItemProxy section */

/* Begin PBXFileReference section */
		023BF1620EB1026E84380611 /* Pods-CropDemoTests.debug.xcconfig */ = {isa = PBXFileReference; includeInIndex = 1; lastKnownFileType = text.xcconfig; name = "Pods-CropDemoTests.debug.xcconfig"; path = "Pods/Target Support Files/Pods-CropDemoTests/Pods-CropDemoTests.debug.xcconfig"; sourceTree = "<group>"; };
		21D727FDE37C29D1E6DB0AD0 /* Pods-CropDemoUITests.release.xcconfig */ = {isa = PBXFileReference; includeInIndex = 1; lastKnownFileType = text.xcconfig; name = "Pods-CropDemoUITests.release.xcconfig"; path = "Pods/Target Support Files/Pods-CropDemoUITests/Pods-CropDemoUITests.release.xcconfig"; sourceTree = "<group>"; };
		2C6D9DA216D672D08D7472BB /* Pods_CropDemoTests.framework */ = {isa = PBXFileReference; explicitFileType = wrapper.framework; includeInIndex = 0; path = Pods_CropDemoTests.framework; sourceTree = BUILT_PRODUCTS_DIR; };
		616699611A2E418E471F26AA /* Pods-CropDemo.debug.xcconfig */ = {isa = PBXFileReference; includeInIndex = 1; lastKnownFileType = text.xcconfig; name = "Pods-CropDemo.debug.xcconfig"; path = "Pods/Target Support Files/Pods-CropDemo/Pods-CropDemo.debug.xcconfig"; sourceTree = "<group>"; };
		64A44BD2610B58563945E1B6 /* Pods_CropDemoUITests.framework */ = {isa = PBXFileReference; explicitFileType = wrapper.framework; includeInIndex = 0; path = Pods_CropDemoUITests.framework; sourceTree = BUILT_PRODUCTS_DIR; };
		96DEF18C5C3CFD9304459E4C /* Pods-CropDemo.release.xcconfig */ = {isa = PBXFileReference; includeInIndex = 1; lastKnownFileType = text.xcconfig; name = "Pods-CropDemo.release.xcconfig"; path = "Pods/Target Support Files/Pods-CropDemo/Pods-CropDemo.release.xcconfig"; sourceTree = "<group>"; };
		D5CC49C8C280BB96ED639906 /* Pods_CropDemo.framework */ = {isa = PBXFileReference; explicitFileType = wrapper.framework; includeInIndex = 0; path = Pods_CropDemo.framework; sourceTree = BUILT_PRODUCTS_DIR; };
		D871DF450DEEE08F4BBD13B7 /* Pods-CropDemoTests.release.xcconfig */ = {isa = PBXFileReference; includeInIndex = 1; lastKnownFileType = text.xcconfig; name = "Pods-CropDemoTests.release.xcconfig"; path = "Pods/Target Support Files/Pods-CropDemoTests/Pods-CropDemoTests.release.xcconfig"; sourceTree = "<group>"; };
		DA0913262064CD5100B7F432 /* BaseViewController.swift */ = {isa = PBXFileReference; lastKnownFileType = sourcecode.swift; path = BaseViewController.swift; sourceTree = "<group>"; };
		DA7613A52063D68A00EC9990 /* CropDemo.app */ = {isa = PBXFileReference; explicitFileType = wrapper.application; includeInIndex = 0; path = CropDemo.app; sourceTree = BUILT_PRODUCTS_DIR; };
		DA7613A82063D68B00EC9990 /* AppDelegate.swift */ = {isa = PBXFileReference; lastKnownFileType = sourcecode.swift; path = AppDelegate.swift; sourceTree = "<group>"; };
		DA7613AA2063D68B00EC9990 /* ViewController.swift */ = {isa = PBXFileReference; lastKnownFileType = sourcecode.swift; path = ViewController.swift; sourceTree = "<group>"; };
		DA7613AD2063D68B00EC9990 /* Base */ = {isa = PBXFileReference; lastKnownFileType = file.storyboard; name = Base; path = Base.lproj/Main.storyboard; sourceTree = "<group>"; };
		DA7613AF2063D68B00EC9990 /* Assets.xcassets */ = {isa = PBXFileReference; lastKnownFileType = folder.assetcatalog; path = Assets.xcassets; sourceTree = "<group>"; };
		DA7613B22063D68B00EC9990 /* Base */ = {isa = PBXFileReference; lastKnownFileType = file.storyboard; name = Base; path = Base.lproj/LaunchScreen.storyboard; sourceTree = "<group>"; };
		DA7613B42063D68B00EC9990 /* Info.plist */ = {isa = PBXFileReference; lastKnownFileType = text.plist.xml; path = Info.plist; sourceTree = "<group>"; };
		DA7613B92063D68B00EC9990 /* CropDemoTests.xctest */ = {isa = PBXFileReference; explicitFileType = wrapper.cfbundle; includeInIndex = 0; path = CropDemoTests.xctest; sourceTree = BUILT_PRODUCTS_DIR; };
		DA7613BD2063D68B00EC9990 /* CropDemoTests.swift */ = {isa = PBXFileReference; lastKnownFileType = sourcecode.swift; path = CropDemoTests.swift; sourceTree = "<group>"; };
		DA7613BF2063D68B00EC9990 /* Info.plist */ = {isa = PBXFileReference; lastKnownFileType = text.plist.xml; path = Info.plist; sourceTree = "<group>"; };
		DA7613C42063D68B00EC9990 /* CropDemoUITests.xctest */ = {isa = PBXFileReference; explicitFileType = wrapper.cfbundle; includeInIndex = 0; path = CropDemoUITests.xctest; sourceTree = BUILT_PRODUCTS_DIR; };
		DA7613C82063D68B00EC9990 /* CropDemoUITests.swift */ = {isa = PBXFileReference; lastKnownFileType = sourcecode.swift; path = CropDemoUITests.swift; sourceTree = "<group>"; };
		DA7613CA2063D68B00EC9990 /* Info.plist */ = {isa = PBXFileReference; lastKnownFileType = text.plist.xml; path = Info.plist; sourceTree = "<group>"; };
		E7D1C1145C06CEEAA79A6FCF /* Pods-CropDemoUITests.debug.xcconfig */ = {isa = PBXFileReference; includeInIndex = 1; lastKnownFileType = text.xcconfig; name = "Pods-CropDemoUITests.debug.xcconfig"; path = "Pods/Target Support Files/Pods-CropDemoUITests/Pods-CropDemoUITests.debug.xcconfig"; sourceTree = "<group>"; };
/* End PBXFileReference section */

/* Begin PBXFrameworksBuildPhase section */
		DA7613A22063D68A00EC9990 /* Frameworks */ = {
			isa = PBXFrameworksBuildPhase;
			buildActionMask = 2147483647;
			files = (
				E525D7347D281317332CC10F /* Pods_CropDemo.framework in Frameworks */,
			);
			runOnlyForDeploymentPostprocessing = 0;
		};
		DA7613B62063D68B00EC9990 /* Frameworks */ = {
			isa = PBXFrameworksBuildPhase;
			buildActionMask = 2147483647;
			files = (
				9FEAAC988818DF15A4A0FD28 /* Pods_CropDemoTests.framework in Frameworks */,
			);
			runOnlyForDeploymentPostprocessing = 0;
		};
		DA7613C12063D68B00EC9990 /* Frameworks */ = {
			isa = PBXFrameworksBuildPhase;
			buildActionMask = 2147483647;
			files = (
				5DFCC500AF0D30D50C06F021 /* Pods_CropDemoUITests.framework in Frameworks */,
			);
			runOnlyForDeploymentPostprocessing = 0;
		};
/* End PBXFrameworksBuildPhase section */

/* Begin PBXGroup section */
		A04AE6BBB5C990AB64EC91A5 /* Pods */ = {
			isa = PBXGroup;
			children = (
				616699611A2E418E471F26AA /* Pods-CropDemo.debug.xcconfig */,
				96DEF18C5C3CFD9304459E4C /* Pods-CropDemo.release.xcconfig */,
				023BF1620EB1026E84380611 /* Pods-CropDemoTests.debug.xcconfig */,
				D871DF450DEEE08F4BBD13B7 /* Pods-CropDemoTests.release.xcconfig */,
				E7D1C1145C06CEEAA79A6FCF /* Pods-CropDemoUITests.debug.xcconfig */,
				21D727FDE37C29D1E6DB0AD0 /* Pods-CropDemoUITests.release.xcconfig */,
			);
			name = Pods;
			sourceTree = "<group>";
		};
		D070B464C57551A6DB2D6D14 /* Frameworks */ = {
			isa = PBXGroup;
			children = (
				D5CC49C8C280BB96ED639906 /* Pods_CropDemo.framework */,
				2C6D9DA216D672D08D7472BB /* Pods_CropDemoTests.framework */,
				64A44BD2610B58563945E1B6 /* Pods_CropDemoUITests.framework */,
			);
			name = Frameworks;
			sourceTree = "<group>";
		};
		DA76139C2063D68A00EC9990 = {
			isa = PBXGroup;
			children = (
				DA7613A72063D68A00EC9990 /* CropDemo */,
				DA7613BC2063D68B00EC9990 /* CropDemoTests */,
				DA7613C72063D68B00EC9990 /* CropDemoUITests */,
				DA7613A62063D68A00EC9990 /* Products */,
				A04AE6BBB5C990AB64EC91A5 /* Pods */,
				D070B464C57551A6DB2D6D14 /* Frameworks */,
			);
			sourceTree = "<group>";
		};
		DA7613A62063D68A00EC9990 /* Products */ = {
			isa = PBXGroup;
			children = (
				DA7613A52063D68A00EC9990 /* CropDemo.app */,
				DA7613B92063D68B00EC9990 /* CropDemoTests.xctest */,
				DA7613C42063D68B00EC9990 /* CropDemoUITests.xctest */,
			);
			name = Products;
			sourceTree = "<group>";
		};
		DA7613A72063D68A00EC9990 /* CropDemo */ = {
			isa = PBXGroup;
			children = (
				DA7613A82063D68B00EC9990 /* AppDelegate.swift */,
				DA7613AA2063D68B00EC9990 /* ViewController.swift */,
				DA0913262064CD5100B7F432 /* BaseViewController.swift */,
				DA7613AC2063D68B00EC9990 /* Main.storyboard */,
				DA7613AF2063D68B00EC9990 /* Assets.xcassets */,
				DA7613B12063D68B00EC9990 /* LaunchScreen.storyboard */,
				DA7613B42063D68B00EC9990 /* Info.plist */,
			);
			path = CropDemo;
			sourceTree = "<group>";
		};
		DA7613BC2063D68B00EC9990 /* CropDemoTests */ = {
			isa = PBXGroup;
			children = (
				DA7613BD2063D68B00EC9990 /* CropDemoTests.swift */,
				DA7613BF2063D68B00EC9990 /* Info.plist */,
			);
			path = CropDemoTests;
			sourceTree = "<group>";
		};
		DA7613C72063D68B00EC9990 /* CropDemoUITests */ = {
			isa = PBXGroup;
			children = (
				DA7613C82063D68B00EC9990 /* CropDemoUITests.swift */,
				DA7613CA2063D68B00EC9990 /* Info.plist */,
			);
			path = CropDemoUITests;
			sourceTree = "<group>";
		};
/* End PBXGroup section */

/* Begin PBXNativeTarget section */
		DA7613A42063D68A00EC9990 /* CropDemo */ = {
			isa = PBXNativeTarget;
			buildConfigurationList = DA7613CD2063D68B00EC9990 /* Build configuration list for PBXNativeTarget "CropDemo" */;
			buildPhases = (
				C2FBB51A460F9CCE455D6A86 /* [CP] Check Pods Manifest.lock */,
				DA7613A12063D68A00EC9990 /* Sources */,
				DA7613A22063D68A00EC9990 /* Frameworks */,
				DA7613A32063D68A00EC9990 /* Resources */,
				7B65A4C6762CA9F57DABBE26 /* [CP] Embed Pods Frameworks */,
				C7B6D1F935D35FF80F89336F /* [CP] Copy Pods Resources */,
			);
			buildRules = (
			);
			dependencies = (
			);
			name = CropDemo;
			productName = CropDemo;
			productReference = DA7613A52063D68A00EC9990 /* CropDemo.app */;
			productType = "com.apple.product-type.application";
		};
		DA7613B82063D68B00EC9990 /* CropDemoTests */ = {
			isa = PBXNativeTarget;
			buildConfigurationList = DA7613D02063D68B00EC9990 /* Build configuration list for PBXNativeTarget "CropDemoTests" */;
			buildPhases = (
				AEF0776847DB5BBF0E5E0D87 /* [CP] Check Pods Manifest.lock */,
				DA7613B52063D68B00EC9990 /* Sources */,
				DA7613B62063D68B00EC9990 /* Frameworks */,
				DA7613B72063D68B00EC9990 /* Resources */,
				F07CE75A2A41CA2D37EF40F9 /* [CP] Embed Pods Frameworks */,
				E5FE95E66B62A4827DBE532D /* [CP] Copy Pods Resources */,
			);
			buildRules = (
			);
			dependencies = (
				DA7613BB2063D68B00EC9990 /* PBXTargetDependency */,
			);
			name = CropDemoTests;
			productName = CropDemoTests;
			productReference = DA7613B92063D68B00EC9990 /* CropDemoTests.xctest */;
			productType = "com.apple.product-type.bundle.unit-test";
		};
		DA7613C32063D68B00EC9990 /* CropDemoUITests */ = {
			isa = PBXNativeTarget;
			buildConfigurationList = DA7613D32063D68B00EC9990 /* Build configuration list for PBXNativeTarget "CropDemoUITests" */;
			buildPhases = (
				081A817FF42275D2CA2D7F7E /* [CP] Check Pods Manifest.lock */,
				DA7613C02063D68B00EC9990 /* Sources */,
				DA7613C12063D68B00EC9990 /* Frameworks */,
				DA7613C22063D68B00EC9990 /* Resources */,
				FCB667B6F444C8C822B7814C /* [CP] Embed Pods Frameworks */,
				1DF7BB25E85DE6AAA86390FB /* [CP] Copy Pods Resources */,
			);
			buildRules = (
			);
			dependencies = (
				DA7613C62063D68B00EC9990 /* PBXTargetDependency */,
			);
			name = CropDemoUITests;
			productName = CropDemoUITests;
			productReference = DA7613C42063D68B00EC9990 /* CropDemoUITests.xctest */;
			productType = "com.apple.product-type.bundle.ui-testing";
		};
/* End PBXNativeTarget section */

/* Begin PBXProject section */
		DA76139D2063D68A00EC9990 /* Project object */ = {
			isa = PBXProject;
			attributes = {
				LastSwiftUpdateCheck = 0920;
				LastUpgradeCheck = 0920;
				ORGANIZATIONNAME = "Hitendra Bhoir";
				TargetAttributes = {
					DA7613A42063D68A00EC9990 = {
						CreatedOnToolsVersion = 9.2;
						ProvisioningStyle = Automatic;
					};
					DA7613B82063D68B00EC9990 = {
						CreatedOnToolsVersion = 9.2;
						ProvisioningStyle = Automatic;
						TestTargetID = DA7613A42063D68A00EC9990;
					};
					DA7613C32063D68B00EC9990 = {
						CreatedOnToolsVersion = 9.2;
						ProvisioningStyle = Automatic;
						TestTargetID = DA7613A42063D68A00EC9990;
					};
				};
			};
			buildConfigurationList = DA7613A02063D68A00EC9990 /* Build configuration list for PBXProject "CropDemo" */;
			compatibilityVersion = "Xcode 8.0";
			developmentRegion = en;
			hasScannedForEncodings = 0;
			knownRegions = (
				en,
				Base,
			);
			mainGroup = DA76139C2063D68A00EC9990;
			productRefGroup = DA7613A62063D68A00EC9990 /* Products */;
			projectDirPath = "";
			projectRoot = "";
			targets = (
				DA7613A42063D68A00EC9990 /* CropDemo */,
				DA7613B82063D68B00EC9990 /* CropDemoTests */,
				DA7613C32063D68B00EC9990 /* CropDemoUITests */,
			);
		};
/* End PBXProject section */

/* Begin PBXResourcesBuildPhase section */
		DA7613A32063D68A00EC9990 /* Resources */ = {
			isa = PBXResourcesBuildPhase;
			buildActionMask = 2147483647;
			files = (
				DA7613B32063D68B00EC9990 /* LaunchScreen.storyboard in Resources */,
				DA7613B02063D68B00EC9990 /* Assets.xcassets in Resources */,
				DA7613AE2063D68B00EC9990 /* Main.storyboard in Resources */,
			);
			runOnlyForDeploymentPostprocessing = 0;
		};
		DA7613B72063D68B00EC9990 /* Resources */ = {
			isa = PBXResourcesBuildPhase;
			buildActionMask = 2147483647;
			files = (
			);
			runOnlyForDeploymentPostprocessing = 0;
		};
		DA7613C22063D68B00EC9990 /* Resources */ = {
			isa = PBXResourcesBuildPhase;
			buildActionMask = 2147483647;
			files = (
			);
			runOnlyForDeploymentPostprocessing = 0;
		};
/* End PBXResourcesBuildPhase section */

/* Begin PBXShellScriptBuildPhase section */
		081A817FF42275D2CA2D7F7E /* [CP] Check Pods Manifest.lock */ = {
			isa = PBXShellScriptBuildPhase;
			buildActionMask = 2147483647;
			files = (
			);
			inputPaths = (
				"${PODS_PODFILE_DIR_PATH}/Podfile.lock",
				"${PODS_ROOT}/Manifest.lock",
			);
			name = "[CP] Check Pods Manifest.lock";
			outputPaths = (
				"$(DERIVED_FILE_DIR)/Pods-CropDemoUITests-checkManifestLockResult.txt",
			);
			runOnlyForDeploymentPostprocessing = 0;
			shellPath = /bin/sh;
			shellScript = "diff \"${PODS_PODFILE_DIR_PATH}/Podfile.lock\" \"${PODS_ROOT}/Manifest.lock\" > /dev/null\nif [ $? != 0 ] ; then\n    # print error to STDERR\n    echo \"error: The sandbox is not in sync with the Podfile.lock. Run 'pod install' or update your CocoaPods installation.\" >&2\n    exit 1\nfi\n# This output is used by Xcode 'outputs' to avoid re-running this script phase.\necho \"SUCCESS\" > \"${SCRIPT_OUTPUT_FILE_0}\"\n";
			showEnvVarsInLog = 0;
		};
		1DF7BB25E85DE6AAA86390FB /* [CP] Copy Pods Resources */ = {
			isa = PBXShellScriptBuildPhase;
			buildActionMask = 2147483647;
			files = (
			);
			inputPaths = (
			);
			name = "[CP] Copy Pods Resources";
			outputPaths = (
			);
			runOnlyForDeploymentPostprocessing = 0;
			shellPath = /bin/sh;
			shellScript = "\"${SRCROOT}/Pods/Target Support Files/Pods-CropDemoUITests/Pods-CropDemoUITests-resources.sh\"\n";
			showEnvVarsInLog = 0;
		};
		7B65A4C6762CA9F57DABBE26 /* [CP] Embed Pods Frameworks */ = {
			isa = PBXShellScriptBuildPhase;
			buildActionMask = 2147483647;
			files = (
			);
			inputPaths = (
				"${SRCROOT}/Pods/Target Support Files/Pods-CropDemo/Pods-CropDemo-frameworks.sh",
				"${BUILT_PRODUCTS_DIR}/CropViewController/CropViewController.framework",
			);
			name = "[CP] Embed Pods Frameworks";
			outputPaths = (
				"${TARGET_BUILD_DIR}/${FRAMEWORKS_FOLDER_PATH}/CropViewController.framework",
			);
			runOnlyForDeploymentPostprocessing = 0;
			shellPath = /bin/sh;
			shellScript = "\"${SRCROOT}/Pods/Target Support Files/Pods-CropDemo/Pods-CropDemo-frameworks.sh\"\n";
			showEnvVarsInLog = 0;
		};
		AEF0776847DB5BBF0E5E0D87 /* [CP] Check Pods Manifest.lock */ = {
			isa = PBXShellScriptBuildPhase;
			buildActionMask = 2147483647;
			files = (
			);
			inputPaths = (
				"${PODS_PODFILE_DIR_PATH}/Podfile.lock",
				"${PODS_ROOT}/Manifest.lock",
			);
			name = "[CP] Check Pods Manifest.lock";
			outputPaths = (
				"$(DERIVED_FILE_DIR)/Pods-CropDemoTests-checkManifestLockResult.txt",
			);
			runOnlyForDeploymentPostprocessing = 0;
			shellPath = /bin/sh;
			shellScript = "diff \"${PODS_PODFILE_DIR_PATH}/Podfile.lock\" \"${PODS_ROOT}/Manifest.lock\" > /dev/null\nif [ $? != 0 ] ; then\n    # print error to STDERR\n    echo \"error: The sandbox is not in sync with the Podfile.lock. Run 'pod install' or update your CocoaPods installation.\" >&2\n    exit 1\nfi\n# This output is used by Xcode 'outputs' to avoid re-running this script phase.\necho \"SUCCESS\" > \"${SCRIPT_OUTPUT_FILE_0}\"\n";
			showEnvVarsInLog = 0;
		};
		C2FBB51A460F9CCE455D6A86 /* [CP] Check Pods Manifest.lock */ = {
			isa = PBXShellScriptBuildPhase;
			buildActionMask = 2147483647;
			files = (
			);
			inputPaths = (
				"${PODS_PODFILE_DIR_PATH}/Podfile.lock",
				"${PODS_ROOT}/Manifest.lock",
			);
			name = "[CP] Check Pods Manifest.lock";
			outputPaths = (
				"$(DERIVED_FILE_DIR)/Pods-CropDemo-checkManifestLockResult.txt",
			);
			runOnlyForDeploymentPostprocessing = 0;
			shellPath = /bin/sh;
			shellScript = "diff \"${PODS_PODFILE_DIR_PATH}/Podfile.lock\" \"${PODS_ROOT}/Manifest.lock\" > /dev/null\nif [ $? != 0 ] ; then\n    # print error to STDERR\n    echo \"error: The sandbox is not in sync with the Podfile.lock. Run 'pod install' or update your CocoaPods installation.\" >&2\n    exit 1\nfi\n# This output is used by Xcode 'outputs' to avoid re-running this script phase.\necho \"SUCCESS\" > \"${SCRIPT_OUTPUT_FILE_0}\"\n";
			showEnvVarsInLog = 0;
		};
		C7B6D1F935D35FF80F89336F /* [CP] Copy Pods Resources */ = {
			isa = PBXShellScriptBuildPhase;
			buildActionMask = 2147483647;
			files = (
			);
			inputPaths = (
			);
			name = "[CP] Copy Pods Resources";
			outputPaths = (
			);
			runOnlyForDeploymentPostprocessing = 0;
			shellPath = /bin/sh;
			shellScript = "\"${SRCROOT}/Pods/Target Support Files/Pods-CropDemo/Pods-CropDemo-resources.sh\"\n";
			showEnvVarsInLog = 0;
		};
		E5FE95E66B62A4827DBE532D /* [CP] Copy Pods Resources */ = {
			isa = PBXShellScriptBuildPhase;
			buildActionMask = 2147483647;
			files = (
			);
			inputPaths = (
			);
			name = "[CP] Copy Pods Resources";
			outputPaths = (
			);
			runOnlyForDeploymentPostprocessing = 0;
			shellPath = /bin/sh;
			shellScript = "\"${SRCROOT}/Pods/Target Support Files/Pods-CropDemoTests/Pods-CropDemoTests-resources.sh\"\n";
			showEnvVarsInLog = 0;
		};
		F07CE75A2A41CA2D37EF40F9 /* [CP] Embed Pods Frameworks */ = {
			isa = PBXShellScriptBuildPhase;
			buildActionMask = 2147483647;
			files = (
			);
			inputPaths = (
			);
			name = "[CP] Embed Pods Frameworks";
			outputPaths = (
			);
			runOnlyForDeploymentPostprocessing = 0;
			shellPath = /bin/sh;
			shellScript = "\"${SRCROOT}/Pods/Target Support Files/Pods-CropDemoTests/Pods-CropDemoTests-frameworks.sh\"\n";
			showEnvVarsInLog = 0;
		};
		FCB667B6F444C8C822B7814C /* [CP] Embed Pods Frameworks */ = {
			isa = PBXShellScriptBuildPhase;
			buildActionMask = 2147483647;
			files = (
			);
			inputPaths = (
			);
			name = "[CP] Embed Pods Frameworks";
			outputPaths = (
			);
			runOnlyForDeploymentPostprocessing = 0;
			shellPath = /bin/sh;
			shellScript = "\"${SRCROOT}/Pods/Target Support Files/Pods-CropDemoUITests/Pods-CropDemoUITests-frameworks.sh\"\n";
			showEnvVarsInLog = 0;
		};
/* End PBXShellScriptBuildPhase section */

/* Begin PBXSourcesBuildPhase section */
		DA7613A12063D68A00EC9990 /* Sources */ = {
			isa = PBXSourcesBuildPhase;
			buildActionMask = 2147483647;
			files = (
				DA7613AB2063D68B00EC9990 /* ViewController.swift in Sources */,
				DA7613A92063D68B00EC9990 /* AppDelegate.swift in Sources */,
				DA0913272064CD5100B7F432 /* BaseViewController.swift in Sources */,
			);
			runOnlyForDeploymentPostprocessing = 0;
		};
		DA7613B52063D68B00EC9990 /* Sources */ = {
			isa = PBXSourcesBuildPhase;
			buildActionMask = 2147483647;
			files = (
				DA7613BE2063D68B00EC9990 /* CropDemoTests.swift in Sources */,
			);
			runOnlyForDeploymentPostprocessing = 0;
		};
		DA7613C02063D68B00EC9990 /* Sources */ = {
			isa = PBXSourcesBuildPhase;
			buildActionMask = 2147483647;
			files = (
				DA7613C92063D68B00EC9990 /* CropDemoUITests.swift in Sources */,
			);
			runOnlyForDeploymentPostprocessing = 0;
		};
/* End PBXSourcesBuildPhase section */

/* Begin PBXTargetDependency section */
		DA7613BB2063D68B00EC9990 /* PBXTargetDependency */ = {
			isa = PBXTargetDependency;
			target = DA7613A42063D68A00EC9990 /* CropDemo */;
			targetProxy = DA7613BA2063D68B00EC9990 /* PBXContainerItemProxy */;
		};
		DA7613C62063D68B00EC9990 /* PBXTargetDependency */ = {
			isa = PBXTargetDependency;
			target = DA7613A42063D68A00EC9990 /* CropDemo */;
			targetProxy = DA7613C52063D68B00EC9990 /* PBXContainerItemProxy */;
		};
/* End PBXTargetDependency section */

/* Begin PBXVariantGroup section */
		DA7613AC2063D68B00EC9990 /* Main.storyboard */ = {
			isa = PBXVariantGroup;
			children = (
				DA7613AD2063D68B00EC9990 /* Base */,
			);
			name = Main.storyboard;
			sourceTree = "<group>";
		};
		DA7613B12063D68B00EC9990 /* LaunchScreen.storyboard */ = {
			isa = PBXVariantGroup;
			children = (
				DA7613B22063D68B00EC9990 /* Base */,
			);
			name = LaunchScreen.storyboard;
			sourceTree = "<group>";
		};
/* End PBXVariantGroup section */

/* Begin XCBuildConfiguration section */
		DA7613CB2063D68B00EC9990 /* Debug */ = {
			isa = XCBuildConfiguration;
			buildSettings = {
				ALWAYS_SEARCH_USER_PATHS = NO;
				CLANG_ANALYZER_NONNULL = YES;
				CLANG_ANALYZER_NUMBER_OBJECT_CONVERSION = YES_AGGRESSIVE;
				CLANG_CXX_LANGUAGE_STANDARD = "gnu++14";
				CLANG_CXX_LIBRARY = "libc++";
				CLANG_ENABLE_MODULES = YES;
				CLANG_ENABLE_OBJC_ARC = YES;
				CLANG_WARN_BLOCK_CAPTURE_AUTORELEASING = YES;
				CLANG_WARN_BOOL_CONVERSION = YES;
				CLANG_WARN_COMMA = YES;
				CLANG_WARN_CONSTANT_CONVERSION = YES;
				CLANG_WARN_DIRECT_OBJC_ISA_USAGE = YES_ERROR;
				CLANG_WARN_DOCUMENTATION_COMMENTS = YES;
				CLANG_WARN_EMPTY_BODY = YES;
				CLANG_WARN_ENUM_CONVERSION = YES;
				CLANG_WARN_INFINITE_RECURSION = YES;
				CLANG_WARN_INT_CONVERSION = YES;
				CLANG_WARN_NON_LITERAL_NULL_CONVERSION = YES;
				CLANG_WARN_OBJC_LITERAL_CONVERSION = YES;
				CLANG_WARN_OBJC_ROOT_CLASS = YES_ERROR;
				CLANG_WARN_RANGE_LOOP_ANALYSIS = YES;
				CLANG_WARN_STRICT_PROTOTYPES = YES;
				CLANG_WARN_SUSPICIOUS_MOVE = YES;
				CLANG_WARN_UNGUARDED_AVAILABILITY = YES_AGGRESSIVE;
				CLANG_WARN_UNREACHABLE_CODE = YES;
				CLANG_WARN__DUPLICATE_METHOD_MATCH = YES;
				CODE_SIGN_IDENTITY = "iPhone Developer";
				COPY_PHASE_STRIP = NO;
				DEBUG_INFORMATION_FORMAT = dwarf;
				ENABLE_STRICT_OBJC_MSGSEND = YES;
				ENABLE_TESTABILITY = YES;
				GCC_C_LANGUAGE_STANDARD = gnu11;
				GCC_DYNAMIC_NO_PIC = NO;
				GCC_NO_COMMON_BLOCKS = YES;
				GCC_OPTIMIZATION_LEVEL = 0;
				GCC_PREPROCESSOR_DEFINITIONS = (
					"DEBUG=1",
					"$(inherited)",
				);
				GCC_WARN_64_TO_32_BIT_CONVERSION = YES;
				GCC_WARN_ABOUT_RETURN_TYPE = YES_ERROR;
				GCC_WARN_UNDECLARED_SELECTOR = YES;
				GCC_WARN_UNINITIALIZED_AUTOS = YES_AGGRESSIVE;
				GCC_WARN_UNUSED_FUNCTION = YES;
				GCC_WARN_UNUSED_VARIABLE = YES;
				IPHONEOS_DEPLOYMENT_TARGET = 11.2;
				MTL_ENABLE_DEBUG_INFO = YES;
				ONLY_ACTIVE_ARCH = YES;
				SDKROOT = iphoneos;
				SWIFT_ACTIVE_COMPILATION_CONDITIONS = DEBUG;
				SWIFT_OPTIMIZATION_LEVEL = "-Onone";
			};
			name = Debug;
		};
		DA7613CC2063D68B00EC9990 /* Release */ = {
			isa = XCBuildConfiguration;
			buildSettings = {
				ALWAYS_SEARCH_USER_PATHS = NO;
				CLANG_ANALYZER_NONNULL = YES;
				CLANG_ANALYZER_NUMBER_OBJECT_CONVERSION = YES_AGGRESSIVE;
				CLANG_CXX_LANGUAGE_STANDARD = "gnu++14";
				CLANG_CXX_LIBRARY = "libc++";
				CLANG_ENABLE_MODULES = YES;
				CLANG_ENABLE_OBJC_ARC = YES;
				CLANG_WARN_BLOCK_CAPTURE_AUTORELEASING = YES;
				CLANG_WARN_BOOL_CONVERSION = YES;
				CLANG_WARN_COMMA = YES;
				CLANG_WARN_CONSTANT_CONVERSION = YES;
				CLANG_WARN_DIRECT_OBJC_ISA_USAGE = YES_ERROR;
				CLANG_WARN_DOCUMENTATION_COMMENTS = YES;
				CLANG_WARN_EMPTY_BODY = YES;
				CLANG_WARN_ENUM_CONVERSION = YES;
				CLANG_WARN_INFINITE_RECURSION = YES;
				CLANG_WARN_INT_CONVERSION = YES;
				CLANG_WARN_NON_LITERAL_NULL_CONVERSION = YES;
				CLANG_WARN_OBJC_LITERAL_CONVERSION = YES;
				CLANG_WARN_OBJC_ROOT_CLASS = YES_ERROR;
				CLANG_WARN_RANGE_LOOP_ANALYSIS = YES;
				CLANG_WARN_STRICT_PROTOTYPES = YES;
				CLANG_WARN_SUSPICIOUS_MOVE = YES;
				CLANG_WARN_UNGUARDED_AVAILABILITY = YES_AGGRESSIVE;
				CLANG_WARN_UNREACHABLE_CODE = YES;
				CLANG_WARN__DUPLICATE_METHOD_MATCH = YES;
				CODE_SIGN_IDENTITY = "iPhone Developer";
				COPY_PHASE_STRIP = NO;
				DEBUG_INFORMATION_FORMAT = "dwarf-with-dsym";
				ENABLE_NS_ASSERTIONS = NO;
				ENABLE_STRICT_OBJC_MSGSEND = YES;
				GCC_C_LANGUAGE_STANDARD = gnu11;
				GCC_NO_COMMON_BLOCKS = YES;
				GCC_WARN_64_TO_32_BIT_CONVERSION = YES;
				GCC_WARN_ABOUT_RETURN_TYPE = YES_ERROR;
				GCC_WARN_UNDECLARED_SELECTOR = YES;
				GCC_WARN_UNINITIALIZED_AUTOS = YES_AGGRESSIVE;
				GCC_WARN_UNUSED_FUNCTION = YES;
				GCC_WARN_UNUSED_VARIABLE = YES;
				IPHONEOS_DEPLOYMENT_TARGET = 11.2;
				MTL_ENABLE_DEBUG_INFO = NO;
				SDKROOT = iphoneos;
				SWIFT_OPTIMIZATION_LEVEL = "-Owholemodule";
				VALIDATE_PRODUCT = YES;
			};
			name = Release;
		};
		DA7613CE2063D68B00EC9990 /* Debug */ = {
			isa = XCBuildConfiguration;
			baseConfigurationReference = 616699611A2E418E471F26AA /* Pods-CropDemo.debug.xcconfig */;
			buildSettings = {
				ASSETCATALOG_COMPILER_APPICON_NAME = AppIcon;
				CODE_SIGN_STYLE = Automatic;
				INFOPLIST_FILE = CropDemo/Info.plist;
				LD_RUNPATH_SEARCH_PATHS = "$(inherited) @executable_path/Frameworks";
				PRODUCT_BUNDLE_IDENTIFIER = For.CropDemo;
				PRODUCT_NAME = "$(TARGET_NAME)";
				SWIFT_VERSION = 4.0;
				TARGETED_DEVICE_FAMILY = "1,2";
			};
			name = Debug;
		};
		DA7613CF2063D68B00EC9990 /* Release */ = {
			isa = XCBuildConfiguration;
			baseConfigurationReference = 96DEF18C5C3CFD9304459E4C /* Pods-CropDemo.release.xcconfig */;
			buildSettings = {
				ASSETCATALOG_COMPILER_APPICON_NAME = AppIcon;
				CODE_SIGN_STYLE = Automatic;
				INFOPLIST_FILE = CropDemo/Info.plist;
				LD_RUNPATH_SEARCH_PATHS = "$(inherited) @executable_path/Frameworks";
				PRODUCT_BUNDLE_IDENTIFIER = For.CropDemo;
				PRODUCT_NAME = "$(TARGET_NAME)";
				SWIFT_VERSION = 4.0;
				TARGETED_DEVICE_FAMILY = "1,2";
			};
			name = Release;
		};
		DA7613D12063D68B00EC9990 /* Debug */ = {
			isa = XCBuildConfiguration;
			baseConfigurationReference = 023BF1620EB1026E84380611 /* Pods-CropDemoTests.debug.xcconfig */;
			buildSettings = {
				ALWAYS_EMBED_SWIFT_STANDARD_LIBRARIES = YES;
				BUNDLE_LOADER = "$(TEST_HOST)";
				CODE_SIGN_STYLE = Automatic;
				INFOPLIST_FILE = CropDemoTests/Info.plist;
				LD_RUNPATH_SEARCH_PATHS = "$(inherited) @executable_path/Frameworks @loader_path/Frameworks";
				PRODUCT_BUNDLE_IDENTIFIER = For.CropDemoTests;
				PRODUCT_NAME = "$(TARGET_NAME)";
				SWIFT_VERSION = 4.0;
				TARGETED_DEVICE_FAMILY = "1,2";
				TEST_HOST = "$(BUILT_PRODUCTS_DIR)/CropDemo.app/CropDemo";
			};
			name = Debug;
		};
		DA7613D22063D68B00EC9990 /* Release */ = {
			isa = XCBuildConfiguration;
			baseConfigurationReference = D871DF450DEEE08F4BBD13B7 /* Pods-CropDemoTests.release.xcconfig */;
			buildSettings = {
				ALWAYS_EMBED_SWIFT_STANDARD_LIBRARIES = YES;
				BUNDLE_LOADER = "$(TEST_HOST)";
				CODE_SIGN_STYLE = Automatic;
				INFOPLIST_FILE = CropDemoTests/Info.plist;
				LD_RUNPATH_SEARCH_PATHS = "$(inherited) @executable_path/Frameworks @loader_path/Frameworks";
				PRODUCT_BUNDLE_IDENTIFIER = For.CropDemoTests;
				PRODUCT_NAME = "$(TARGET_NAME)";
				SWIFT_VERSION = 4.0;
				TARGETED_DEVICE_FAMILY = "1,2";
				TEST_HOST = "$(BUILT_PRODUCTS_DIR)/CropDemo.app/CropDemo";
			};
			name = Release;
		};
		DA7613D42063D68B00EC9990 /* Debug */ = {
			isa = XCBuildConfiguration;
			baseConfigurationReference = E7D1C1145C06CEEAA79A6FCF /* Pods-CropDemoUITests.debug.xcconfig */;
			buildSettings = {
				ALWAYS_EMBED_SWIFT_STANDARD_LIBRARIES = YES;
				CODE_SIGN_STYLE = Automatic;
				INFOPLIST_FILE = CropDemoUITests/Info.plist;
				LD_RUNPATH_SEARCH_PATHS = "$(inherited) @executable_path/Frameworks @loader_path/Frameworks";
				PRODUCT_BUNDLE_IDENTIFIER = For.CropDemoUITests;
				PRODUCT_NAME = "$(TARGET_NAME)";
				SWIFT_VERSION = 4.0;
				TARGETED_DEVICE_FAMILY = "1,2";
				TEST_TARGET_NAME = CropDemo;
			};
			name = Debug;
		};
		DA7613D52063D68B00EC9990 /* Release */ = {
			isa = XCBuildConfiguration;
			baseConfigurationReference = 21D727FDE37C29D1E6DB0AD0 /* Pods-CropDemoUITests.release.xcconfig */;
			buildSettings = {
				ALWAYS_EMBED_SWIFT_STANDARD_LIBRARIES = YES;
				CODE_SIGN_STYLE = Automatic;
				INFOPLIST_FILE = CropDemoUITests/Info.plist;
				LD_RUNPATH_SEARCH_PATHS = "$(inherited) @executable_path/Frameworks @loader_path/Frameworks";
				PRODUCT_BUNDLE_IDENTIFIER = For.CropDemoUITests;
				PRODUCT_NAME = "$(TARGET_NAME)";
				SWIFT_VERSION = 4.0;
				TARGETED_DEVICE_FAMILY = "1,2";
				TEST_TARGET_NAME = CropDemo;
			};
			name = Release;
		};
/* End XCBuildConfiguration section */

/* Begin XCConfigurationList section */
		DA7613A02063D68A00EC9990 /* Build configuration list for PBXProject "CropDemo" */ = {
			isa = XCConfigurationList;
			buildConfigurations = (
				DA7613CB2063D68B00EC9990 /* Debug */,
				DA7613CC2063D68B00EC9990 /* Release */,
			);
			defaultConfigurationIsVisible = 0;
			defaultConfigurationName = Release;
		};
		DA7613CD2063D68B00EC9990 /* Build configuration list for PBXNativeTarget "CropDemo" */ = {
			isa = XCConfigurationList;
			buildConfigurations = (
				DA7613CE2063D68B00EC9990 /* Debug */,
				DA7613CF2063D68B00EC9990 /* Release */,
			);
			defaultConfigurationIsVisible = 0;
			defaultConfigurationName = Release;
		};
		DA7613D02063D68B00EC9990 /* Build configuration list for PBXNativeTarget "CropDemoTests" */ = {
			isa = XCConfigurationList;
			buildConfigurations = (
				DA7613D12063D68B00EC9990 /* Debug */,
				DA7613D22063D68B00EC9990 /* Release */,
			);
			defaultConfigurationIsVisible = 0;
			defaultConfigurationName = Release;
		};
		DA7613D32063D68B00EC9990 /* Build configuration list for PBXNativeTarget "CropDemoUITests" */ = {
			isa = XCConfigurationList;
			buildConfigurations = (
				DA7613D42063D68B00EC9990 /* Debug */,
				DA7613D52063D68B00EC9990 /* Release */,
			);
			defaultConfigurationIsVisible = 0;
			defaultConfigurationName = Release;
		};
/* End XCConfigurationList section */
	};
	rootObject = DA76139D2063D68A00EC9990 /* Project object */;
}
